// !$*UTF8*$!
{
	archiveVersion = 1;
	classes = {
	};
	objectVersion = 48;
	objects = {

/* Begin PBXBuildFile section */
		49FAA73C2012DA6E002EAC1E /* main.swift in Sources */ = {isa = PBXBuildFile; fileRef = 49FAA73B2012DA6E002EAC1E /* main.swift */; };
/* End PBXBuildFile section */

/* Begin PBXCopyFilesBuildPhase section */
		49FAA7362012DA6E002EAC1E /* CopyFiles */ = {
			isa = PBXCopyFilesBuildPhase;
			buildActionMask = 2147483647;
			dstPath = /usr/share/man/man1/;
			dstSubfolderSpec = 0;
			files = (
			);
			runOnlyForDeploymentPostprocessing = 1;
		};
/* End PBXCopyFilesBuildPhase section */

/* Begin PBXFileReference section */
		4909D2BE201A25D0001D60C9 /* main.swift */ = {isa = PBXFileReference; lastKnownFileType = sourcecode.swift; path = main.swift; sourceTree = "<group>"; };
		490A682D2019AE7600A2AA29 /* main.swift */ = {isa = PBXFileReference; lastKnownFileType = sourcecode.swift; path = main.swift; sourceTree = "<group>"; };
		490A68422019D54500A2AA29 /* main.swift */ = {isa = PBXFileReference; lastKnownFileType = sourcecode.swift; path = main.swift; sourceTree = "<group>"; };
		490A68452019D90800A2AA29 /* main.swift */ = {isa = PBXFileReference; lastKnownFileType = sourcecode.swift; path = main.swift; sourceTree = "<group>"; };
		491187D720149C4500568D74 /* main.swift */ = {isa = PBXFileReference; lastKnownFileType = sourcecode.swift; path = main.swift; sourceTree = "<group>"; };
		491187FF2014CA1400568D74 /* main.swift */ = {isa = PBXFileReference; lastKnownFileType = sourcecode.swift; path = main.swift; sourceTree = "<group>"; };
		494409942015C5FD00A4CD71 /* main.swift */ = {isa = PBXFileReference; lastKnownFileType = sourcecode.swift; path = main.swift; sourceTree = "<group>"; };
		494409CF2015D34500A4CD71 /* main.swift */ = {isa = PBXFileReference; lastKnownFileType = sourcecode.swift; path = main.swift; sourceTree = "<group>"; };
		494409D12015D36800A4CD71 /* main.swift */ = {isa = PBXFileReference; lastKnownFileType = sourcecode.swift; path = main.swift; sourceTree = "<group>"; };
		494409D32015D39500A4CD71 /* main.swift */ = {isa = PBXFileReference; lastKnownFileType = sourcecode.swift; path = main.swift; sourceTree = "<group>"; };
		494409E82015D73F00A4CD71 /* main.swift */ = {isa = PBXFileReference; lastKnownFileType = sourcecode.swift; path = main.swift; sourceTree = "<group>"; };
		494409EA2015E13F00A4CD71 /* main.swift */ = {isa = PBXFileReference; lastKnownFileType = sourcecode.swift; path = main.swift; sourceTree = "<group>"; };
		494409FF2017184D00A4CD71 /* main.swift */ = {isa = PBXFileReference; lastKnownFileType = sourcecode.swift; path = main.swift; sourceTree = "<group>"; };
		4974F8A820133B960039FCCE /* main.swift */ = {isa = PBXFileReference; lastKnownFileType = sourcecode.swift; path = main.swift; sourceTree = "<group>"; };
		4974F8AC20134F120039FCCE /* main.swift */ = {isa = PBXFileReference; lastKnownFileType = sourcecode.swift; path = main.swift; sourceTree = "<group>"; };
		498CA4E4201DC22C0042AFF5 /* main.swift */ = {isa = PBXFileReference; lastKnownFileType = sourcecode.swift; name = main.swift; path = "../../../学习Swift/Swift构造方法/Swift构造方法/main.swift"; sourceTree = "<group>"; };
		498E7AE42012FD840029C851 /* main.swift */ = {isa = PBXFileReference; lastKnownFileType = sourcecode.swift; path = main.swift; sourceTree = "<group>"; };
		49999A0C201753F700483166 /* main.swift */ = {isa = PBXFileReference; lastKnownFileType = sourcecode.swift; path = main.swift; sourceTree = "<group>"; };
		49999A21201757C400483166 /* main.swift */ = {isa = PBXFileReference; lastKnownFileType = sourcecode.swift; path = main.swift; sourceTree = "<group>"; };
		49BE42CF2013257800EC87AA /* main.swift */ = {isa = PBXFileReference; lastKnownFileType = sourcecode.swift; path = main.swift; sourceTree = "<group>"; };
		49FAA7382012DA6E002EAC1E /* Swift基础语法知识 */ = {isa = PBXFileReference; explicitFileType = "compiled.mach-o.executable"; includeInIndex = 0; path = "Swift基础语法知识"; sourceTree = BUILT_PRODUCTS_DIR; };
		49FAA73B2012DA6E002EAC1E /* main.swift */ = {isa = PBXFileReference; lastKnownFileType = sourcecode.swift; path = main.swift; sourceTree = "<group>"; };
		49FAA7452012DADB002EAC1E /* main.swift */ = {isa = PBXFileReference; lastKnownFileType = sourcecode.swift; path = main.swift; sourceTree = "<group>"; };
		49FAA7492012DB14002EAC1E /* main.swift */ = {isa = PBXFileReference; lastKnownFileType = sourcecode.swift; path = main.swift; sourceTree = "<group>"; };
		49FCD4F92018ADF800B59D94 /* main.swift */ = {isa = PBXFileReference; lastKnownFileType = sourcecode.swift; path = main.swift; sourceTree = "<group>"; };
/* End PBXFileReference section */

/* Begin PBXFrameworksBuildPhase section */
		49FAA7352012DA6E002EAC1E /* Frameworks */ = {
			isa = PBXFrameworksBuildPhase;
			buildActionMask = 2147483647;
			files = (
			);
			runOnlyForDeploymentPostprocessing = 0;
		};
/* End PBXFrameworksBuildPhase section */

/* Begin PBXGroup section */
		4909D2BD201A25B4001D60C9 /* 19 构造方法 */ = {
			isa = PBXGroup;
			children = (
				498CA4E4201DC22C0042AFF5 /* main.swift */,
				4909D2BE201A25D0001D60C9 /* main.swift */,
			);
			path = "19 构造方法";
			sourceTree = "<group>";
		};
		490A682C2019AE6100A2AA29 /* 17 class 和 struct */ = {
			isa = PBXGroup;
			children = (
				490A682D2019AE7600A2AA29 /* main.swift */,
			);
			path = "17 class 和 struct";
			sourceTree = "<group>";
		};
		490A68412019D53500A2AA29 /* 18继承 */ = {
			isa = PBXGroup;
			children = (
				490A68422019D54500A2AA29 /* main.swift */,
			);
			path = "18继承";
			sourceTree = "<group>";
		};
		490A68432019D8BF00A2AA29 /* Swift关键字符号说明 */ = {
			isa = PBXGroup;
			children = (
				490A68452019D90800A2AA29 /* main.swift */,
			);
			path = "Swift关键字符号说明";
			sourceTree = "<group>";
		};
		491187FE2014CA0100568D74 /* 6数组的基本使用 */ = {
			isa = PBXGroup;
			children = (
				491187FF2014CA1400568D74 /* main.swift */,
			);
			path = "6数组的基本使用";
			sourceTree = "<group>";
		};
		494409932015C5F100A4CD71 /* 7字典 */ = {
			isa = PBXGroup;
			children = (
				494409942015C5FD00A4CD71 /* main.swift */,
			);
			path = "7字典";
			sourceTree = "<group>";
		};
		494409CE2015D33500A4CD71 /* 8 if */ = {
			isa = PBXGroup;
			children = (
				494409CF2015D34500A4CD71 /* main.swift */,
			);
			path = "8 if";
			sourceTree = "<group>";
		};
		494409D02015D35E00A4CD71 /* 9 for */ = {
			isa = PBXGroup;
			children = (
				494409D12015D36800A4CD71 /* main.swift */,
			);
			path = "9 for";
			sourceTree = "<group>";
		};
		494409D22015D38900A4CD71 /* 10 while */ = {
			isa = PBXGroup;
			children = (
				494409D32015D39500A4CD71 /* main.swift */,
			);
			path = "10 while";
			sourceTree = "<group>";
		};
		494409E72015D73400A4CD71 /* 11 break-continue */ = {
			isa = PBXGroup;
			children = (
				494409E82015D73F00A4CD71 /* main.swift */,
			);
			path = "11 break-continue";
			sourceTree = "<group>";
		};
		494409E92015E13500A4CD71 /* 12 switch */ = {
			isa = PBXGroup;
			children = (
				494409EA2015E13F00A4CD71 /* main.swift */,
			);
			path = "12 switch";
			sourceTree = "<group>";
		};
		494409FE2017183A00A4CD71 /* 13 函数定义 */ = {
			isa = PBXGroup;
			children = (
				494409FF2017184D00A4CD71 /* main.swift */,
			);
			path = "13 函数定义";
			sourceTree = "<group>";
		};
		4974F8A720133B880039FCCE /* 3字符字符串 */ = {
			isa = PBXGroup;
			children = (
				4974F8A820133B960039FCCE /* main.swift */,
			);
			path = "3字符字符串";
			sourceTree = "<group>";
		};
		4974F8A920134EEF0039FCCE /* 4字符串常用方法 */ = {
			isa = PBXGroup;
			children = (
				4974F8AC20134F120039FCCE /* main.swift */,
			);
			path = "4字符串常用方法";
			sourceTree = "<group>";
		};
		4974F8AD20134F400039FCCE /* 5运算符 */ = {
			isa = PBXGroup;
			children = (
				491187D720149C4500568D74 /* main.swift */,
			);
			path = "5运算符";
			sourceTree = "<group>";
		};
		498E7AE12012FD620029C851 /* 1基本数据类型 */ = {
			isa = PBXGroup;
			children = (
				498E7AE42012FD840029C851 /* main.swift */,
			);
			path = "1基本数据类型";
			sourceTree = "<group>";
		};
		49999A0B201753F100483166 /* 14 函数参数 */ = {
			isa = PBXGroup;
			children = (
				49999A0C201753F700483166 /* main.swift */,
			);
			path = "14 函数参数";
			sourceTree = "<group>";
		};
		49999A20201757BC00483166 /* 15 函数类型 */ = {
			isa = PBXGroup;
			children = (
				49999A21201757C400483166 /* main.swift */,
			);
			path = "15 函数类型";
			sourceTree = "<group>";
		};
		49BE42CE2013256000EC87AA /* 2可选值 */ = {
			isa = PBXGroup;
			children = (
				49BE42CF2013257800EC87AA /* main.swift */,
			);
			path = "2可选值";
			sourceTree = "<group>";
		};
		49FAA72F2012DA6E002EAC1E = {
			isa = PBXGroup;
			children = (
				490A68432019D8BF00A2AA29 /* Swift关键字符号说明 */,
				498E7AE12012FD620029C851 /* 1基本数据类型 */,
				49BE42CE2013256000EC87AA /* 2可选值 */,
				4974F8A720133B880039FCCE /* 3字符字符串 */,
				4974F8A920134EEF0039FCCE /* 4字符串常用方法 */,
				4974F8AD20134F400039FCCE /* 5运算符 */,
				491187FE2014CA0100568D74 /* 6数组的基本使用 */,
				494409932015C5F100A4CD71 /* 7字典 */,
				494409CE2015D33500A4CD71 /* 8 if */,
				494409D02015D35E00A4CD71 /* 9 for */,
				494409D22015D38900A4CD71 /* 10 while */,
				494409E72015D73400A4CD71 /* 11 break-continue */,
				494409E92015E13500A4CD71 /* 12 switch */,
				494409FE2017183A00A4CD71 /* 13 函数定义 */,
				49999A0B201753F100483166 /* 14 函数参数 */,
				49999A20201757BC00483166 /* 15 函数类型 */,
				49FCD4F82018ADF000B59D94 /* 16 闭包 */,
				490A682C2019AE6100A2AA29 /* 17 class 和 struct */,
				490A68412019D53500A2AA29 /* 18继承 */,
				4909D2BD201A25B4001D60C9 /* 19 构造方法 */,
				49FAA7462012DAF9002EAC1E /* Bool类型 */,
				49FAA7422012DA8F002EAC1E /* 元组 */,
				49FAA73A2012DA6E002EAC1E /* Swift基础语法知识 */,
				49FAA7392012DA6E002EAC1E /* Products */,
			);
			sourceTree = "<group>";
		};
		49FAA7392012DA6E002EAC1E /* Products */ = {
			isa = PBXGroup;
			children = (
				49FAA7382012DA6E002EAC1E /* Swift基础语法知识 */,
			);
			name = Products;
			sourceTree = "<group>";
		};
		49FAA73A2012DA6E002EAC1E /* Swift基础语法知识 */ = {
			isa = PBXGroup;
			children = (
				49FAA73B2012DA6E002EAC1E /* main.swift */,
			);
			path = "Swift基础语法知识";
			sourceTree = "<group>";
		};
		49FAA7422012DA8F002EAC1E /* 元组 */ = {
			isa = PBXGroup;
			children = (
				49FAA7452012DADB002EAC1E /* main.swift */,
			);
			path = "元组";
			sourceTree = "<group>";
		};
		49FAA7462012DAF9002EAC1E /* Bool类型 */ = {
			isa = PBXGroup;
			children = (
				49FAA7492012DB14002EAC1E /* main.swift */,
			);
			path = "Bool类型";
			sourceTree = "<group>";
		};
		49FCD4F82018ADF000B59D94 /* 16 闭包 */ = {
			isa = PBXGroup;
			children = (
				49FCD4F92018ADF800B59D94 /* main.swift */,
			);
			path = "16 闭包";
			sourceTree = "<group>";
		};
/* End PBXGroup section */

/* Begin PBXNativeTarget section */
		49FAA7372012DA6E002EAC1E /* Swift基础语法知识 */ = {
			isa = PBXNativeTarget;
			buildConfigurationList = 49FAA73F2012DA6E002EAC1E /* Build configuration list for PBXNativeTarget "Swift基础语法知识" */;
			buildPhases = (
				49FAA7342012DA6E002EAC1E /* Sources */,
				49FAA7352012DA6E002EAC1E /* Frameworks */,
				49FAA7362012DA6E002EAC1E /* CopyFiles */,
			);
			buildRules = (
			);
			dependencies = (
			);
			name = "Swift基础语法知识";
			productName = "Swift基础语法知识";
			productReference = 49FAA7382012DA6E002EAC1E /* Swift基础语法知识 */;
			productType = "com.apple.product-type.tool";
		};
/* End PBXNativeTarget section */

/* Begin PBXProject section */
		49FAA7302012DA6E002EAC1E /* Project object */ = {
			isa = PBXProject;
			attributes = {
				LastSwiftUpdateCheck = 0920;
				LastUpgradeCheck = 0920;
				ORGANIZATIONNAME = RaoBo;
				TargetAttributes = {
					49FAA7372012DA6E002EAC1E = {
						CreatedOnToolsVersion = 9.2;
						ProvisioningStyle = Automatic;
					};
				};
			};
			buildConfigurationList = 49FAA7332012DA6E002EAC1E /* Build configuration list for PBXProject "Swift基础语法知识" */;
			compatibilityVersion = "Xcode 8.0";
			developmentRegion = en;
			hasScannedForEncodings = 0;
			knownRegions = (
				en,
			);
			mainGroup = 49FAA72F2012DA6E002EAC1E;
			productRefGroup = 49FAA7392012DA6E002EAC1E /* Products */;
			projectDirPath = "";
			projectRoot = "";
			targets = (
				49FAA7372012DA6E002EAC1E /* Swift基础语法知识 */,
			);
		};
/* End PBXProject section */

/* Begin PBXSourcesBuildPhase section */
		49FAA7342012DA6E002EAC1E /* Sources */ = {
			isa = PBXSourcesBuildPhase;
			buildActionMask = 2147483647;
			files = (
				49FAA73C2012DA6E002EAC1E /* main.swift in Sources */,
			);
			runOnlyForDeploymentPostprocessing = 0;
		};
/* End PBXSourcesBuildPhase section */

/* Begin XCBuildConfiguration section */
		49FAA73D2012DA6E002EAC1E /* Debug */ = {
			isa = XCBuildConfiguration;
			buildSettings = {
				ALWAYS_SEARCH_USER_PATHS = NO;
				CLANG_ANALYZER_NONNULL = YES;
				CLANG_ANALYZER_NUMBER_OBJECT_CONVERSION = YES_AGGRESSIVE;
				CLANG_CXX_LANGUAGE_STANDARD = "gnu++14";
				CLANG_CXX_LIBRARY = "libc++";
				CLANG_ENABLE_MODULES = YES;
				CLANG_ENABLE_OBJC_ARC = YES;
				CLANG_WARN_BLOCK_CAPTURE_AUTORELEASING = YES;
				CLANG_WARN_BOOL_CONVERSION = YES;
				CLANG_WARN_COMMA = YES;
				CLANG_WARN_CONSTANT_CONVERSION = YES;
				CLANG_WARN_DIRECT_OBJC_ISA_USAGE = YES_ERROR;
				CLANG_WARN_DOCUMENTATION_COMMENTS = YES;
				CLANG_WARN_EMPTY_BODY = YES;
				CLANG_WARN_ENUM_CONVERSION = YES;
				CLANG_WARN_INFINITE_RECURSION = YES;
				CLANG_WARN_INT_CONVERSION = YES;
				CLANG_WARN_NON_LITERAL_NULL_CONVERSION = YES;
				CLANG_WARN_OBJC_LITERAL_CONVERSION = YES;
				CLANG_WARN_OBJC_ROOT_CLASS = YES_ERROR;
				CLANG_WARN_RANGE_LOOP_ANALYSIS = YES;
				CLANG_WARN_STRICT_PROTOTYPES = YES;
				CLANG_WARN_SUSPICIOUS_MOVE = YES;
				CLANG_WARN_UNGUARDED_AVAILABILITY = YES_AGGRESSIVE;
				CLANG_WARN_UNREACHABLE_CODE = YES;
				CLANG_WARN__DUPLICATE_METHOD_MATCH = YES;
				CODE_SIGN_IDENTITY = "-";
				COPY_PHASE_STRIP = NO;
				DEBUG_INFORMATION_FORMAT = dwarf;
				ENABLE_STRICT_OBJC_MSGSEND = YES;
				ENABLE_TESTABILITY = YES;
				GCC_C_LANGUAGE_STANDARD = gnu11;
				GCC_DYNAMIC_NO_PIC = NO;
				GCC_NO_COMMON_BLOCKS = YES;
				GCC_OPTIMIZATION_LEVEL = 0;
				GCC_PREPROCESSOR_DEFINITIONS = (
					"DEBUG=1",
					"$(inherited)",
				);
				GCC_WARN_64_TO_32_BIT_CONVERSION = YES;
				GCC_WARN_ABOUT_RETURN_TYPE = YES_ERROR;
				GCC_WARN_UNDECLARED_SELECTOR = YES;
				GCC_WARN_UNINITIALIZED_AUTOS = YES_AGGRESSIVE;
				GCC_WARN_UNUSED_FUNCTION = YES;
				GCC_WARN_UNUSED_VARIABLE = YES;
				MACOSX_DEPLOYMENT_TARGET = 10.13;
				MTL_ENABLE_DEBUG_INFO = YES;
				ONLY_ACTIVE_ARCH = YES;
				SDKROOT = macosx;
				SWIFT_ACTIVE_COMPILATION_CONDITIONS = DEBUG;
				SWIFT_OPTIMIZATION_LEVEL = "-Onone";
			};
			name = Debug;
		};
		49FAA73E2012DA6E002EAC1E /* Release */ = {
			isa = XCBuildConfiguration;
			buildSettings = {
				ALWAYS_SEARCH_USER_PATHS = NO;
				CLANG_ANALYZER_NONNULL = YES;
				CLANG_ANALYZER_NUMBER_OBJECT_CONVERSION = YES_AGGRESSIVE;
				CLANG_CXX_LANGUAGE_STANDARD = "gnu++14";
				CLANG_CXX_LIBRARY = "libc++";
				CLANG_ENABLE_MODULES = YES;
				CLANG_ENABLE_OBJC_ARC = YES;
				CLANG_WARN_BLOCK_CAPTURE_AUTORELEASING = YES;
				CLANG_WARN_BOOL_CONVERSION = YES;
				CLANG_WARN_COMMA = YES;
				CLANG_WARN_CONSTANT_CONVERSION = YES;
				CLANG_WARN_DIRECT_OBJC_ISA_USAGE = YES_ERROR;
				CLANG_WARN_DOCUMENTATION_COMMENTS = YES;
				CLANG_WARN_EMPTY_BODY = YES;
				CLANG_WARN_ENUM_CONVERSION = YES;
				CLANG_WARN_INFINITE_RECURSION = YES;
				CLANG_WARN_INT_CONVERSION = YES;
				CLANG_WARN_NON_LITERAL_NULL_CONVERSION = YES;
				CLANG_WARN_OBJC_LITERAL_CONVERSION = YES;
				CLANG_WARN_OBJC_ROOT_CLASS = YES_ERROR;
				CLANG_WARN_RANGE_LOOP_ANALYSIS = YES;
				CLANG_WARN_STRICT_PROTOTYPES = YES;
				CLANG_WARN_SUSPICIOUS_MOVE = YES;
				CLANG_WARN_UNGUARDED_AVAILABILITY = YES_AGGRESSIVE;
				CLANG_WARN_UNREACHABLE_CODE = YES;
				CLANG_WARN__DUPLICATE_METHOD_MATCH = YES;
				CODE_SIGN_IDENTITY = "-";
				COPY_PHASE_STRIP = NO;
				DEBUG_INFORMATION_FORMAT = "dwarf-with-dsym";
				ENABLE_NS_ASSERTIONS = NO;
				ENABLE_STRICT_OBJC_MSGSEND = YES;
				GCC_C_LANGUAGE_STANDARD = gnu11;
				GCC_NO_COMMON_BLOCKS = YES;
				GCC_WARN_64_TO_32_BIT_CONVERSION = YES;
				GCC_WARN_ABOUT_RETURN_TYPE = YES_ERROR;
				GCC_WARN_UNDECLARED_SELECTOR = YES;
				GCC_WARN_UNINITIALIZED_AUTOS = YES_AGGRESSIVE;
				GCC_WARN_UNUSED_FUNCTION = YES;
				GCC_WARN_UNUSED_VARIABLE = YES;
				MACOSX_DEPLOYMENT_TARGET = 10.13;
				MTL_ENABLE_DEBUG_INFO = NO;
				SDKROOT = macosx;
				SWIFT_OPTIMIZATION_LEVEL = "-Owholemodule";
			};
			name = Release;
		};
		49FAA7402012DA6E002EAC1E /* Debug */ = {
			isa = XCBuildConfiguration;
			buildSettings = {
				CODE_SIGN_STYLE = Automatic;
				PRODUCT_NAME = "$(TARGET_NAME)";
				SWIFT_VERSION = 4.0;
			};
			name = Debug;
		};
		49FAA7412012DA6E002EAC1E /* Release */ = {
			isa = XCBuildConfiguration;
			buildSettings = {
				CODE_SIGN_STYLE = Automatic;
				PRODUCT_NAME = "$(TARGET_NAME)";
				SWIFT_VERSION = 4.0;
			};
			name = Release;
		};
/* End XCBuildConfiguration section */

/* Begin XCConfigurationList section */
		49FAA7332012DA6E002EAC1E /* Build configuration list for PBXProject "Swift基础语法知识" */ = {
			isa = XCConfigurationList;
			buildConfigurations = (
				49FAA73D2012DA6E002EAC1E /* Debug */,
				49FAA73E2012DA6E002EAC1E /* Release */,
			);
			defaultConfigurationIsVisible = 0;
			defaultConfigurationName = Release;
		};
		49FAA73F2012DA6E002EAC1E /* Build configuration list for PBXNativeTarget "Swift基础语法知识" */ = {
			isa = XCConfigurationList;
			buildConfigurations = (
				49FAA7402012DA6E002EAC1E /* Debug */,
				49FAA7412012DA6E002EAC1E /* Release */,
			);
			defaultConfigurationIsVisible = 0;
			defaultConfigurationName = Release;
		};
/* End XCConfigurationList section */
	};
	rootObject = 49FAA7302012DA6E002EAC1E /* Project object */;
}
